# generated by rye
# use `rye lock` or `rye sync` to update this lockfile
#
# last locked with the following flags:
#   pre: false
#   features: []
#   all-features: false
#   with-sources: false
#   generate-hashes: false

-e file:.
attrs==23.2.0
    # via outcome
    # via seleniumbase
    # via trio
beautifulsoup4==4.12.3
    # via gv-auto
    # via seleniumbase
behave==1.2.6
    # via seleniumbase
certifi==2024.6.2
    # via requests
    # via selenium
    # via seleniumbase
chardet==5.2.0
    # via seleniumbase
charset-normalizer==3.3.2
    # via requests
    # via seleniumbase
click==8.1.7
    # via typer
colorama==0.4.6
    # via seleniumbase
contourpy==1.2.1
    # via matplotlib
cssselect==1.2.0
    # via seleniumbase
cycler==0.12.1
    # via matplotlib
exceptiongroup==1.2.1
    # via seleniumbase
execnet==2.1.1
    # via pytest-xdist
    # via seleniumbase
fasteners==0.19
    # via seleniumbase
filelock==3.15.4
    # via seleniumbase
fonttools==4.53.0
    # via matplotlib
h11==0.14.0
    # via seleniumbase
    # via wsproto
idna==3.7
    # via requests
    # via seleniumbase
    # via trio
iniconfig==2.0.0
    # via pytest
    # via seleniumbase
joblib==1.4.2
    # via scikit-learn
kiwisolver==1.4.5
    # via matplotlib
markdown-it-py==3.0.0
    # via rich
    # via seleniumbase
matplotlib==3.9.0
mdurl==0.1.2
    # via markdown-it-py
    # via seleniumbase
numpy==2.0.0
    # via contourpy
    # via matplotlib
    # via pandas
    # via scikit-learn
    # via scipy
outcome==1.3.0.post0
    # via seleniumbase
    # via trio
packaging==24.1
    # via matplotlib
    # via pytest
    # via pytest-rerunfailures
    # via seleniumbase
pandas==2.2.2
    # via gv-auto
parameterized==0.9.0
    # via seleniumbase
parse==1.20.2
    # via behave
    # via parse-type
    # via seleniumbase
parse-type==0.6.2
    # via behave
    # via seleniumbase
pdbp==1.5.0
    # via seleniumbase
pillow==10.3.0
    # via matplotlib
pip==24.1
    # via seleniumbase
platformdirs==4.2.2
    # via seleniumbase
pluggy==1.5.0
    # via pytest
    # via seleniumbase
py==1.11.0
    # via seleniumbase
pygments==2.18.0
    # via pdbp
    # via rich
    # via seleniumbase
pynose==1.5.1
    # via seleniumbase
pyotp==2.9.0
    # via seleniumbase
pyparsing==3.1.2
    # via matplotlib
pysocks==1.7.1
    # via urllib3
pytest==8.2.1
    # via pytest-html
    # via pytest-metadata
    # via pytest-ordering
    # via pytest-rerunfailures
    # via pytest-xdist
    # via seleniumbase
pytest-html==2.0.1
    # via seleniumbase
pytest-metadata==3.1.1
    # via pytest-html
    # via seleniumbase
pytest-ordering==0.6
    # via seleniumbase
pytest-rerunfailures==14.0
    # via seleniumbase
pytest-xdist==3.6.1
    # via seleniumbase
python-dateutil==2.9.0.post0
    # via matplotlib
    # via pandas
python-dotenv==1.0.1
    # via gv-auto
pytz==2024.1
    # via gv-auto
    # via pandas
pyyaml==6.0.1
    # via seleniumbase
requests==2.31.0
    # via seleniumbase
rich==13.7.1
    # via seleniumbase
    # via typer
sbvirtualdisplay==1.3.0
    # via seleniumbase
scikit-learn==1.5.0
scipy==1.14.0
    # via scikit-learn
selenium==4.22.0
    # via seleniumbase
seleniumbase==4.28.0
    # via gv-auto
setuptools==70.1.0
    # via seleniumbase
shellingham==1.5.4
    # via typer
six==1.16.0
    # via behave
    # via parse-type
    # via python-dateutil
    # via seleniumbase
sniffio==1.3.1
    # via seleniumbase
    # via trio
sortedcontainers==2.4.0
    # via seleniumbase
    # via trio
soupsieve==2.5
    # via beautifulsoup4
    # via seleniumbase
tabcompleter==1.3.0
    # via pdbp
    # via seleniumbase
threadpoolctl==3.5.0
    # via scikit-learn
trio==0.25.1
    # via selenium
    # via seleniumbase
    # via trio-websocket
trio-websocket==0.11.1
    # via selenium
    # via seleniumbase
typer==0.12.3
    # via gv-auto
typing-extensions==4.12.2
    # via selenium
    # via seleniumbase
    # via typer
tzdata==2024.1
    # via pandas
urllib3==2.2.2
    # via requests
    # via selenium
    # via seleniumbase
websocket-client==1.8.0
    # via selenium
    # via seleniumbase
wheel==0.43.0
    # via seleniumbase
wsproto==1.2.0
    # via seleniumbase
    # via trio-websocket
